
Microsoft Visual Studio Solution File, Format Version 12.00
# Visual Studio Version 17
VisualStudioVersion = 17.9.34714.143
MinimumVisualStudioVersion = 10.0.40219.1
Project("{8BC9CEB8-8B4A-11D0-8D11-00A0C91BC942}") = "research1", "research1.vcxproj", "{CE93A142-6EC2-43A6-864C-67E88F77A440}"
EndProject
Global
	GlobalSection(SolutionConfigurationPlatforms) = preSolution
		Debug|x64 = Debug|x64
		Release|x64 = Release|x64
	EndGlobalSection
	GlobalSection(ProjectConfigurationPlatforms) = postSolution
		{CE93A142-6EC2-43A6-864C-67E88F77A440}.Debug|x64.ActiveCfg = Debug|x64
		{CE93A142-6EC2-43A6-864C-67E88F77A440}.Debug|x64.Build.0 = Debug|x64
		{CE93A142-6EC2-43A6-864C-67E88F77A440}.Release|x64.ActiveCfg = Release|x64
		{CE93A142-6EC2-43A6-864C-67E88F77A440}.Release|x64.Build.0 = Release|x64
	EndGlobalSection
	GlobalSection(SolutionProperties) = preSolution
		HideSolutionNode = FALSE
	EndGlobalSection
	GlobalSection(ExtensibilityGlobals) = postSolution
		SolutionGuid = {CB47C62C-406A-47AB-B0C1-8459C6BB0E39}
	EndGlobalSection
EndGlobal
