<?xml version="1.0" encoding="utf-8"?>
<Project ToolsVersion="4.0" xmlns="http://schemas.microsoft.com/developer/msbuild/2003">
  <ItemGroup>
    <Filter Include="KamataEngine">
      <UniqueIdentifier>{4FC737F1-C7A5-4376-A066-2A32D752A2FF}</UniqueIdentifier>
      <Extensions>cpp;c;cc;cxx;c++;cppm;ixx;def;odl;idl;hpj;bat;asm;asmx</Extensions>
    </Filter>
    <Filter Include="KamataEngine\Source">
      <UniqueIdentifier>{d966e9f8-e880-44ae-8586-a08515e4cffc}</UniqueIdentifier>
    </Filter>
    <Filter Include="KamataEngine\Include">
      <UniqueIdentifier>{4aae4e40-94f7-4d32-9a91-c0c37a2edf0d}</UniqueIdentifier>
    </Filter>
    <Filter Include="KamataEngine\Adapter">
      <UniqueIdentifier>{c6468eb4-788b-4a83-b207-a5f4804e56c5}</UniqueIdentifier>
    </Filter>
    <Filter Include="Scene">
      <UniqueIdentifier>{72219456-f8cb-485d-9027-185a52d8c52d}</UniqueIdentifier>
    </Filter>
    <Filter Include="Camera">
      <UniqueIdentifier>{27575645-d7e4-434c-ab4f-f25b6693ab60}</UniqueIdentifier>
    </Filter>
    <Filter Include="Function">
      <UniqueIdentifier>{bd182673-572a-4d3c-b194-bfc587ee0765}</UniqueIdentifier>
    </Filter>
    <Filter Include="Object">
      <UniqueIdentifier>{a392f144-21cb-40dd-8e11-da60c4da53c7}</UniqueIdentifier>
    </Filter>
    <Filter Include="Function\.cpp">
      <UniqueIdentifier>{717ce9aa-2b6f-4ca6-acf7-4b2eb8443c44}</UniqueIdentifier>
    </Filter>
    <Filter Include="Function\.h">
      <UniqueIdentifier>{65fd69bf-2e7b-4f97-a63f-5323f11dbf0e}</UniqueIdentifier>
    </Filter>
    <Filter Include="Scene\.cpp">
      <UniqueIdentifier>{9d797a3b-0d9d-447b-a7ea-ab9a81e960b2}</UniqueIdentifier>
    </Filter>
    <Filter Include="Scene\.h">
      <UniqueIdentifier>{56a8820e-0557-451f-93b0-cb7eedf8d64a}</UniqueIdentifier>
    </Filter>
    <Filter Include="Object\.cpp">
      <UniqueIdentifier>{36ae23c6-742d-4b72-b7ef-d2b64b277139}</UniqueIdentifier>
    </Filter>
    <Filter Include="Object\.h">
      <UniqueIdentifier>{33c3d4ba-4e60-4eb4-9830-42762398de83}</UniqueIdentifier>
    </Filter>
    <Filter Include="MapChip">
      <UniqueIdentifier>{3e1c8e18-65bd-4c5b-83d9-b3f4df26b9fe}</UniqueIdentifier>
    </Filter>
    <Filter Include="Operator">
      <UniqueIdentifier>{d4eb50c9-c31a-49de-89ce-8d89f92520db}</UniqueIdentifier>
    </Filter>
    <Filter Include="Camera\.cpp">
      <UniqueIdentifier>{ed84f958-1002-4c2b-a06f-9a4fb4deed66}</UniqueIdentifier>
    </Filter>
    <Filter Include="Camera\.h">
      <UniqueIdentifier>{35d498d6-72ec-44e4-85ca-ee8de32b6fd5}</UniqueIdentifier>
    </Filter>
    <Filter Include="act">
      <UniqueIdentifier>{5f3ace9b-a8d7-48f1-a688-41bd2a83c1e6}</UniqueIdentifier>
    </Filter>
  </ItemGroup>
  <ItemGroup>
    <ClCompile Include="C:\KamataEngine\DirectXGame\base\DirectXCommon.cpp">
      <Filter>KamataEngine\Source</Filter>
    </ClCompile>
    <ClCompile Include="C:\KamataEngine\DirectXGame\base\TextureManager.cpp">
      <Filter>KamataEngine\Source</Filter>
    </ClCompile>
    <ClCompile Include="C:\KamataEngine\DirectXGame\scene\GameScene.cpp">
      <Filter>KamataEngine\Source</Filter>
    </ClCompile>
    <ClCompile Include="C:\KamataEngine\DirectXGame\base\WinApp.cpp">
      <Filter>KamataEngine\Source</Filter>
    </ClCompile>
    <ClCompile Include="main.cpp" />
    <ClCompile Include="C:\KamataEngine\Adapter\Novice.cpp">
      <Filter>KamataEngine\Adapter</Filter>
    </ClCompile>
    <ClCompile Include="C:\KamataEngine\DirectXGame\2d\ImGuiManager.cpp">
      <Filter>KamataEngine</Filter>
    </ClCompile>
    <ClCompile Include="C:\KamataEngine\DirectXGame\base\StringUtility.cpp">
      <Filter>KamataEngine\Source</Filter>
    </ClCompile>
    <ClCompile Include="Vector2C.cpp">
      <Filter>Operator</Filter>
    </ClCompile>
    <ClCompile Include="InputManager.cpp">
      <Filter>KamataEngine</Filter>
    </ClCompile>
    <ClCompile Include="BoxRelated.cpp">
      <Filter>Function\.cpp</Filter>
    </ClCompile>
    <ClCompile Include="Easing.cpp">
      <Filter>Function\.cpp</Filter>
    </ClCompile>
    <ClCompile Include="Function.cpp">
      <Filter>Function\.cpp</Filter>
    </ClCompile>
    <ClCompile Include="Map.cpp">
      <Filter>Function\.cpp</Filter>
    </ClCompile>
    <ClCompile Include="Matrix3x3.cpp">
      <Filter>Function\.cpp</Filter>
    </ClCompile>
    <ClCompile Include="BaseScene.cpp">
      <Filter>Scene\.cpp</Filter>
    </ClCompile>
    <ClCompile Include="SceneManager.cpp">
      <Filter>Scene\.cpp</Filter>
    </ClCompile>
    <ClCompile Include="ScenePrototype.cpp">
      <Filter>Scene\.cpp</Filter>
    </ClCompile>
    <ClCompile Include="BaseObj.cpp">
      <Filter>Object\.cpp</Filter>
    </ClCompile>
    <ClCompile Include="Player.cpp">
      <Filter>Object\.cpp</Filter>
    </ClCompile>
    <ClCompile Include="mapchip.cpp">
      <Filter>MapChip</Filter>
    </ClCompile>
    <ClCompile Include="BaseMiniCamera.cpp">
      <Filter>Camera\.cpp</Filter>
    </ClCompile>
    <ClCompile Include="Camera.cpp">
      <Filter>Camera\.cpp</Filter>
    </ClCompile>
    <ClCompile Include="MiniCamera.cpp">
      <Filter>Camera\.cpp</Filter>
    </ClCompile>
    <ClCompile Include="BackGround.cpp">
      <Filter>Object\.cpp</Filter>
    </ClCompile>
    <ClCompile Include="BaseMapchip.cpp">
      <Filter>MapChip</Filter>
    </ClCompile>
  </ItemGroup>
  <ItemGroup>
    <ClInclude Include="C:\KamataEngine\DirectXGame\audio\Audio.h">
      <Filter>KamataEngine\Include</Filter>
    </ClInclude>
    <ClInclude Include="C:\KamataEngine\DirectXGame\2d\DebugText.h">
      <Filter>KamataEngine\Include</Filter>
    </ClInclude>
    <ClInclude Include="C:\KamataEngine\DirectXGame\base\DirectXCommon.h">
      <Filter>KamataEngine\Include</Filter>
    </ClInclude>
    <ClInclude Include="C:\KamataEngine\DirectXGame\scene\GameScene.h">
      <Filter>KamataEngine\Include</Filter>
    </ClInclude>
    <ClInclude Include="C:\KamataEngine\DirectXGame\input\Input.h">
      <Filter>KamataEngine\Include</Filter>
    </ClInclude>
    <ClInclude Include="C:\KamataEngine\DirectXGame\3d\Model.h">
      <Filter>KamataEngine\Include</Filter>
    </ClInclude>
    <ClInclude Include="C:\KamataEngine\DirectXGame\base\SafeDelete.h">
      <Filter>KamataEngine\Include</Filter>
    </ClInclude>
    <ClInclude Include="C:\KamataEngine\DirectXGame\2d\Sprite.h">
      <Filter>KamataEngine\Include</Filter>
    </ClInclude>
    <ClInclude Include="C:\KamataEngine\DirectXGame\base\TextureManager.h">
      <Filter>KamataEngine\Include</Filter>
    </ClInclude>
    <ClInclude Include="C:\KamataEngine\DirectXGame\3d\ViewProjection.h">
      <Filter>KamataEngine\Include</Filter>
    </ClInclude>
    <ClInclude Include="C:\KamataEngine\DirectXGame\base\WinApp.h">
      <Filter>KamataEngine\Include</Filter>
    </ClInclude>
    <ClInclude Include="C:\KamataEngine\DirectXGame\3d\WorldTransform.h">
      <Filter>KamataEngine\Include</Filter>
    </ClInclude>
    <ClInclude Include="C:\KamataEngine\Adapter\Novice.h">
      <Filter>KamataEngine\Adapter</Filter>
    </ClInclude>
    <ClInclude Include="C:\KamataEngine\DirectXGame\3d\CircleShadow.h">
      <Filter>KamataEngine\Include</Filter>
    </ClInclude>
    <ClInclude Include="C:\KamataEngine\DirectXGame\3d\DebugCamera.h">
      <Filter>KamataEngine\Include</Filter>
    </ClInclude>
    <ClInclude Include="C:\KamataEngine\DirectXGame\3d\DirectionalLight.h">
      <Filter>KamataEngine\Include</Filter>
    </ClInclude>
    <ClInclude Include="C:\KamataEngine\DirectXGame\3d\LightGroup.h">
      <Filter>KamataEngine\Include</Filter>
    </ClInclude>
    <ClInclude Include="C:\KamataEngine\DirectXGame\3d\Material.h">
      <Filter>KamataEngine\Include</Filter>
    </ClInclude>
    <ClInclude Include="C:\KamataEngine\DirectXGame\3d\Mesh.h">
      <Filter>KamataEngine\Include</Filter>
    </ClInclude>
    <ClInclude Include="C:\KamataEngine\DirectXGame\3d\PointLight.h">
      <Filter>KamataEngine\Include</Filter>
    </ClInclude>
    <ClInclude Include="C:\KamataEngine\DirectXGame\3d\SpotLight.h">
      <Filter>KamataEngine\Include</Filter>
    </ClInclude>
    <ClInclude Include="C:\KamataEngine\DirectXGame\base\StringUtility.h">
      <Filter>KamataEngine\Include</Filter>
    </ClInclude>
    <ClInclude Include="Vector2C.h">
      <Filter>Operator</Filter>
    </ClInclude>
    <ClInclude Include="BoxRelated.h">
      <Filter>Function\.h</Filter>
    </ClInclude>
    <ClInclude Include="Easing.h">
      <Filter>Function\.h</Filter>
    </ClInclude>
    <ClInclude Include="Function.h">
      <Filter>Function\.h</Filter>
    </ClInclude>
    <ClInclude Include="Map.h">
      <Filter>Function\.h</Filter>
    </ClInclude>
    <ClInclude Include="Matrix3x3.h">
      <Filter>Function\.h</Filter>
    </ClInclude>
    <ClInclude Include="BaseScene.h">
      <Filter>Scene\.h</Filter>
    </ClInclude>
    <ClInclude Include="SceneManager.h">
      <Filter>Scene\.h</Filter>
    </ClInclude>
    <ClInclude Include="ScenePrototype.h">
      <Filter>Scene\.h</Filter>
    </ClInclude>
    <ClInclude Include="BaseObj.h">
      <Filter>Object\.h</Filter>
    </ClInclude>
    <ClInclude Include="Player.h">
      <Filter>Object\.h</Filter>
    </ClInclude>
    <ClInclude Include="mapchip.h">
      <Filter>MapChip</Filter>
    </ClInclude>
    <ClInclude Include="BaseMiniCamera.h">
      <Filter>Camera\.h</Filter>
    </ClInclude>
    <ClInclude Include="Camera.h">
      <Filter>Camera\.h</Filter>
    </ClInclude>
    <ClInclude Include="MiniCamera.h">
      <Filter>Camera\.h</Filter>
    </ClInclude>
    <ClInclude Include="C:\KamataEngine\DirectXGame\2d\ImGuiManager.h">
      <Filter>act</Filter>
    </ClInclude>
    <ClInclude Include="InputManager.h">
      <Filter>act</Filter>
    </ClInclude>
    <ClInclude Include="C:\KamataEngine\DirectXGame\math\Matrix4x4.h">
      <Filter>act</Filter>
    </ClInclude>
    <ClInclude Include="..\..\..\..\..\KamataEngine\DirectXGame\math\Vector2.h">
      <Filter>act</Filter>
    </ClInclude>
    <ClInclude Include="C:\KamataEngine\DirectXGame\math\Vector3.h">
      <Filter>act</Filter>
    </ClInclude>
    <ClInclude Include="C:\KamataEngine\DirectXGame\math\Vector4.h">
      <Filter>act</Filter>
    </ClInclude>
    <ClInclude Include="struct.h" />
    <ClInclude Include="BackGround.h">
      <Filter>Object\.h</Filter>
    </ClInclude>
    <ClInclude Include="BaseMapchip.h">
      <Filter>MapChip</Filter>
    </ClInclude>
  </ItemGroup>
</Project>